
Microsoft Visual Studio Solution File, Format Version 12.00
# Visual Studio 14
VisualStudioVersion = 14.0.25420.1
MinimumVisualStudioVersion = 10.0.40219.1
Project("{2150E333-8FDC-42A3-9474-1A3956D46DE8}") = "Solution Items", "Solution Items", "{1212EE5D-F7A5-45EF-9A9B-225D7FEFC39F}"
	ProjectSection(SolutionItems) = preProject
		Local.testsettings = Local.testsettings
		Manatee.Trello.vsmdi = Manatee.Trello.vsmdi
		TraceAndTestImpact.testsettings = TraceAndTestImpact.testsettings
	EndProjectSection
EndProject
Project("{FAE04EC0-301F-11D3-BF4B-00C04F79EFBC}") = "Manatee.Trello.RestSharp", "Manatee.Trello.RestSharp\Manatee.Trello.RestSharp.csproj", "{BAD3068D-BFFB-4B0D-9826-1DF8295827C9}"
EndProject
Project("{2150E333-8FDC-42A3-9474-1A3956D46DE8}") = "Testing", "Testing", "{29C1914C-949C-4B23-BC09-94D0843D0B1B}"
EndProject
Project("{FAE04EC0-301F-11D3-BF4B-00C04F79EFBC}") = "Manatee.Trello.Test", "Manatee.Trello.Test\Manatee.Trello.Test.csproj", "{9F9A1703-6B8A-4808-B1C5-6694EBE1640A}"
EndProject
Project("{FAE04EC0-301F-11D3-BF4B-00C04F79EFBC}") = "Manatee.Trello.Test.Unit", "Manatee.Trello.Test.Unit\Manatee.Trello.Test.Unit.csproj", "{7E4E2A3D-4EB0-4C65-9CB5-EA70D46D8BBA}"
EndProject
Project("{FAE04EC0-301F-11D3-BF4B-00C04F79EFBC}") = "ConsoleTest", "ConsoleTest\ConsoleTest.csproj", "{72E58F10-11AA-4ABF-852D-CE2030A21C22}"
EndProject
Project("{FAE04EC0-301F-11D3-BF4B-00C04F79EFBC}") = "NugetTest", "NugetTest\NugetTest.csproj", "{16E45782-2D76-4878-8E51-33DF0D8927DE}"
EndProject
Project("{FAE04EC0-301F-11D3-BF4B-00C04F79EFBC}") = "Manatee.Trello.WebApi", "Manatee.Trello.WebApi\Manatee.Trello.WebApi.csproj", "{C34EE777-368E-4028-AB8D-D8AF7E98D97F}"
EndProject
Project("{2150E333-8FDC-42A3-9474-1A3956D46DE8}") = "PowerUps", "PowerUps", "{1A311328-1FF7-421E-95D9-05B3984AD683}"
EndProject
Project("{FAE04EC0-301F-11D3-BF4B-00C04F79EFBC}") = "Manatee.Trello.CustomFields", "Manatee.Trello.CustomFields\Manatee.Trello.CustomFields.csproj", "{BC9E4815-D9EA-403B-B7A9-5993FB282DDC}"
EndProject
Project("{2150E333-8FDC-42A3-9474-1A3956D46DE8}") = "Core", "Core", "{C2EBC27B-555A-4732-9466-E33B1D486A32}"
EndProject
Project("{2150E333-8FDC-42A3-9474-1A3956D46DE8}") = "Json", "Json", "{B0D60B78-8FEE-47FE-BC27-6CA78F1AAFC0}"
EndProject
Project("{2150E333-8FDC-42A3-9474-1A3956D46DE8}") = "Web", "Web", "{60723F91-AE45-46A2-AD5C-68B7E21ABA50}"
EndProject
Project("{2150E333-8FDC-42A3-9474-1A3956D46DE8}") = "CustomFields", "CustomFields", "{12A089F4-064B-4CEC-A389-2DC2F42CD366}"
EndProject
Project("{FAE04EC0-301F-11D3-BF4B-00C04F79EFBC}") = "Manatee.Trello-4.5", "Manatee.Trello\Manatee.Trello-4.5.csproj", "{ED057DBB-B864-48B6-A916-D2FB1A035D97}"
EndProject
Project("{FAE04EC0-301F-11D3-BF4B-00C04F79EFBC}") = "Manatee.Trello-4.0", "Manatee.Trello\Manatee.Trello-4.0.csproj", "{BA0D34FA-19E7-469F-8275-EE62B5DA85C9}"
EndProject
Project("{FAE04EC0-301F-11D3-BF4B-00C04F79EFBC}") = "Manatee.Trello-3.5", "Manatee.Trello\Manatee.Trello-3.5.csproj", "{67AF2057-326F-4772-9502-F0ADBA7538ED}"
EndProject
Project("{FAE04EC0-301F-11D3-BF4B-00C04F79EFBC}") = "Manatee.Trello-Portable", "Manatee.Trello\Manatee.Trello-Portable.csproj", "{BEE86451-E0E5-4886-B419-7FC306BC91DF}"
EndProject
Project("{8BB2217D-0F2D-49D1-97BC-3654ED321F3B}") = "Manatee.Trello-Core", "Manatee.Trello\Manatee.Trello-Core.xproj", "{D089ED19-4ABB-4C01-8FAB-72E59F977A1F}"
EndProject
Project("{2150E333-8FDC-42A3-9474-1A3956D46DE8}") = "RestSharp", "RestSharp", "{E116E392-EE3A-4DD7-99CD-BE21138C9214}"
EndProject
Project("{2150E333-8FDC-42A3-9474-1A3956D46DE8}") = "WebApi", "WebApi", "{A51E1AAE-A127-4C22-8CD4-1D4213F4AB00}"
EndProject
Project("{FAE04EC0-301F-11D3-BF4B-00C04F79EFBC}") = "Manatee.Trello.ManateeJson-4.0", "Manatee.Trello.ManateeJson\Manatee.Trello.ManateeJson-4.0.csproj", "{C1B29EEE-C2B2-4825-944E-06454A7A9DC6}"
EndProject
Project("{FAE04EC0-301F-11D3-BF4B-00C04F79EFBC}") = "Manatee.Trello.ManateeJson-4.5", "Manatee.Trello.ManateeJson\Manatee.Trello.ManateeJson-4.5.csproj", "{E67F4AF5-D21C-48DF-8741-A8CE3E51F9FF}"
EndProject
Project("{FAE04EC0-301F-11D3-BF4B-00C04F79EFBC}") = "Manatee.Trello.ManateeJson-3.5", "Manatee.Trello.ManateeJson\Manatee.Trello.ManateeJson-3.5.csproj", "{DE523AD4-166B-4762-A6FA-33CA25DF949B}"
EndProject
Project("{FAE04EC0-301F-11D3-BF4B-00C04F79EFBC}") = "Manatee.Trello.ManateeJson-Portable", "Manatee.Trello.ManateeJson\Manatee.Trello.ManateeJson-Portable.csproj", "{1E78203A-E463-4B5F-B161-9FD4E867DC70}"
EndProject
Project("{8BB2217D-0F2D-49D1-97BC-3654ED321F3B}") = "Manatee.Trello.ManateeJson-Core", "Manatee.Trello.ManateeJson\Manatee.Trello.ManateeJson-Core.xproj", "{12B1CAA9-CB85-4056-B679-DD312648A40B}"
EndProject
Global
	GlobalSection(SolutionConfigurationPlatforms) = preSolution
		Debug|Any CPU = Debug|Any CPU
		Release|Any CPU = Release|Any CPU
	EndGlobalSection
	GlobalSection(ProjectConfigurationPlatforms) = postSolution
		{BAD3068D-BFFB-4B0D-9826-1DF8295827C9}.Debug|Any CPU.ActiveCfg = Debug|Any CPU
		{BAD3068D-BFFB-4B0D-9826-1DF8295827C9}.Debug|Any CPU.Build.0 = Debug|Any CPU
		{BAD3068D-BFFB-4B0D-9826-1DF8295827C9}.Release|Any CPU.ActiveCfg = Release-Mono|Any CPU
		{BAD3068D-BFFB-4B0D-9826-1DF8295827C9}.Release|Any CPU.Build.0 = Release-Mono|Any CPU
		{9F9A1703-6B8A-4808-B1C5-6694EBE1640A}.Debug|Any CPU.ActiveCfg = Debug|Any CPU
		{9F9A1703-6B8A-4808-B1C5-6694EBE1640A}.Debug|Any CPU.Build.0 = Debug|Any CPU
		{9F9A1703-6B8A-4808-B1C5-6694EBE1640A}.Release|Any CPU.ActiveCfg = Release|Any CPU
		{9F9A1703-6B8A-4808-B1C5-6694EBE1640A}.Release|Any CPU.Build.0 = Release|Any CPU
		{7E4E2A3D-4EB0-4C65-9CB5-EA70D46D8BBA}.Debug|Any CPU.ActiveCfg = Debug|Any CPU
		{7E4E2A3D-4EB0-4C65-9CB5-EA70D46D8BBA}.Debug|Any CPU.Build.0 = Debug|Any CPU
		{7E4E2A3D-4EB0-4C65-9CB5-EA70D46D8BBA}.Release|Any CPU.ActiveCfg = Release|Any CPU
		{7E4E2A3D-4EB0-4C65-9CB5-EA70D46D8BBA}.Release|Any CPU.Build.0 = Release|Any CPU
		{72E58F10-11AA-4ABF-852D-CE2030A21C22}.Debug|Any CPU.ActiveCfg = Debug|Any CPU
		{72E58F10-11AA-4ABF-852D-CE2030A21C22}.Debug|Any CPU.Build.0 = Debug|Any CPU
		{72E58F10-11AA-4ABF-852D-CE2030A21C22}.Release|Any CPU.ActiveCfg = Release|Any CPU
		{72E58F10-11AA-4ABF-852D-CE2030A21C22}.Release|Any CPU.Build.0 = Release|Any CPU
		{16E45782-2D76-4878-8E51-33DF0D8927DE}.Debug|Any CPU.ActiveCfg = Debug|Any CPU
		{16E45782-2D76-4878-8E51-33DF0D8927DE}.Debug|Any CPU.Build.0 = Debug|Any CPU
		{16E45782-2D76-4878-8E51-33DF0D8927DE}.Release|Any CPU.ActiveCfg = Release|Any CPU
		{C34EE777-368E-4028-AB8D-D8AF7E98D97F}.Debug|Any CPU.ActiveCfg = Debug|Any CPU
		{C34EE777-368E-4028-AB8D-D8AF7E98D97F}.Debug|Any CPU.Build.0 = Debug|Any CPU
		{C34EE777-368E-4028-AB8D-D8AF7E98D97F}.Release|Any CPU.ActiveCfg = Release-4.5|Any CPU
		{C34EE777-368E-4028-AB8D-D8AF7E98D97F}.Release|Any CPU.Build.0 = Release-4.5|Any CPU
		{BC9E4815-D9EA-403B-B7A9-5993FB282DDC}.Debug|Any CPU.ActiveCfg = Debug|Any CPU
		{BC9E4815-D9EA-403B-B7A9-5993FB282DDC}.Debug|Any CPU.Build.0 = Debug|Any CPU
		{BC9E4815-D9EA-403B-B7A9-5993FB282DDC}.Release|Any CPU.ActiveCfg = Release-Mono|Any CPU
		{BC9E4815-D9EA-403B-B7A9-5993FB282DDC}.Release|Any CPU.Build.0 = Release-Mono|Any CPU
		{ED057DBB-B864-48B6-A916-D2FB1A035D97}.Debug|Any CPU.ActiveCfg = Debug|Any CPU
		{ED057DBB-B864-48B6-A916-D2FB1A035D97}.Debug|Any CPU.Build.0 = Debug|Any CPU
		{ED057DBB-B864-48B6-A916-D2FB1A035D97}.Release|Any CPU.ActiveCfg = Release|Any CPU
		{ED057DBB-B864-48B6-A916-D2FB1A035D97}.Release|Any CPU.Build.0 = Release|Any CPU
		{BA0D34FA-19E7-469F-8275-EE62B5DA85C9}.Debug|Any CPU.ActiveCfg = Debug|Any CPU
		{BA0D34FA-19E7-469F-8275-EE62B5DA85C9}.Debug|Any CPU.Build.0 = Debug|Any CPU
		{BA0D34FA-19E7-469F-8275-EE62B5DA85C9}.Release|Any CPU.ActiveCfg = Release|Any CPU
		{BA0D34FA-19E7-469F-8275-EE62B5DA85C9}.Release|Any CPU.Build.0 = Release|Any CPU
		{67AF2057-326F-4772-9502-F0ADBA7538ED}.Debug|Any CPU.ActiveCfg = Debug|Any CPU
		{67AF2057-326F-4772-9502-F0ADBA7538ED}.Debug|Any CPU.Build.0 = Debug|Any CPU
		{67AF2057-326F-4772-9502-F0ADBA7538ED}.Release|Any CPU.ActiveCfg = Release|Any CPU
		{67AF2057-326F-4772-9502-F0ADBA7538ED}.Release|Any CPU.Build.0 = Release|Any CPU
		{BEE86451-E0E5-4886-B419-7FC306BC91DF}.Debug|Any CPU.ActiveCfg = Debug|Any CPU
		{BEE86451-E0E5-4886-B419-7FC306BC91DF}.Debug|Any CPU.Build.0 = Debug|Any CPU
		{BEE86451-E0E5-4886-B419-7FC306BC91DF}.Release|Any CPU.ActiveCfg = Release|Any CPU
		{BEE86451-E0E5-4886-B419-7FC306BC91DF}.Release|Any CPU.Build.0 = Release|Any CPU
		{D089ED19-4ABB-4C01-8FAB-72E59F977A1F}.Debug|Any CPU.ActiveCfg = Debug|Any CPU
		{D089ED19-4ABB-4C01-8FAB-72E59F977A1F}.Debug|Any CPU.Build.0 = Debug|Any CPU
		{D089ED19-4ABB-4C01-8FAB-72E59F977A1F}.Release|Any CPU.ActiveCfg = Release|Any CPU
		{D089ED19-4ABB-4C01-8FAB-72E59F977A1F}.Release|Any CPU.Build.0 = Release|Any CPU
		{C1B29EEE-C2B2-4825-944E-06454A7A9DC6}.Debug|Any CPU.ActiveCfg = Debug|Any CPU
		{C1B29EEE-C2B2-4825-944E-06454A7A9DC6}.Debug|Any CPU.Build.0 = Debug|Any CPU
		{C1B29EEE-C2B2-4825-944E-06454A7A9DC6}.Release|Any CPU.ActiveCfg = Release|Any CPU
		{C1B29EEE-C2B2-4825-944E-06454A7A9DC6}.Release|Any CPU.Build.0 = Release|Any CPU
		{E67F4AF5-D21C-48DF-8741-A8CE3E51F9FF}.Debug|Any CPU.ActiveCfg = Debug|Any CPU
		{E67F4AF5-D21C-48DF-8741-A8CE3E51F9FF}.Debug|Any CPU.Build.0 = Debug|Any CPU
		{E67F4AF5-D21C-48DF-8741-A8CE3E51F9FF}.Release|Any CPU.ActiveCfg = Release|Any CPU
		{E67F4AF5-D21C-48DF-8741-A8CE3E51F9FF}.Release|Any CPU.Build.0 = Release|Any CPU
		{DE523AD4-166B-4762-A6FA-33CA25DF949B}.Debug|Any CPU.ActiveCfg = Debug|Any CPU
		{DE523AD4-166B-4762-A6FA-33CA25DF949B}.Debug|Any CPU.Build.0 = Debug|Any CPU
		{DE523AD4-166B-4762-A6FA-33CA25DF949B}.Release|Any CPU.ActiveCfg = Release|Any CPU
		{DE523AD4-166B-4762-A6FA-33CA25DF949B}.Release|Any CPU.Build.0 = Release|Any CPU
		{1E78203A-E463-4B5F-B161-9FD4E867DC70}.Debug|Any CPU.ActiveCfg = Debug|Any CPU
		{1E78203A-E463-4B5F-B161-9FD4E867DC70}.Debug|Any CPU.Build.0 = Debug|Any CPU
		{1E78203A-E463-4B5F-B161-9FD4E867DC70}.Release|Any CPU.ActiveCfg = Release|Any CPU
		{1E78203A-E463-4B5F-B161-9FD4E867DC70}.Release|Any CPU.Build.0 = Release|Any CPU
		{12B1CAA9-CB85-4056-B679-DD312648A40B}.Debug|Any CPU.ActiveCfg = Debug|Any CPU
		{12B1CAA9-CB85-4056-B679-DD312648A40B}.Debug|Any CPU.Build.0 = Debug|Any CPU
		{12B1CAA9-CB85-4056-B679-DD312648A40B}.Release|Any CPU.ActiveCfg = Release|Any CPU
		{12B1CAA9-CB85-4056-B679-DD312648A40B}.Release|Any CPU.Build.0 = Release|Any CPU
	EndGlobalSection
	GlobalSection(SolutionProperties) = preSolution
		HideSolutionNode = FALSE
	EndGlobalSection
	GlobalSection(NestedProjects) = preSolution
		{BAD3068D-BFFB-4B0D-9826-1DF8295827C9} = {E116E392-EE3A-4DD7-99CD-BE21138C9214}
		{9F9A1703-6B8A-4808-B1C5-6694EBE1640A} = {29C1914C-949C-4B23-BC09-94D0843D0B1B}
		{7E4E2A3D-4EB0-4C65-9CB5-EA70D46D8BBA} = {29C1914C-949C-4B23-BC09-94D0843D0B1B}
		{72E58F10-11AA-4ABF-852D-CE2030A21C22} = {29C1914C-949C-4B23-BC09-94D0843D0B1B}
		{16E45782-2D76-4878-8E51-33DF0D8927DE} = {29C1914C-949C-4B23-BC09-94D0843D0B1B}
		{C34EE777-368E-4028-AB8D-D8AF7E98D97F} = {A51E1AAE-A127-4C22-8CD4-1D4213F4AB00}
		{BC9E4815-D9EA-403B-B7A9-5993FB282DDC} = {12A089F4-064B-4CEC-A389-2DC2F42CD366}
		{12A089F4-064B-4CEC-A389-2DC2F42CD366} = {1A311328-1FF7-421E-95D9-05B3984AD683}
		{ED057DBB-B864-48B6-A916-D2FB1A035D97} = {C2EBC27B-555A-4732-9466-E33B1D486A32}
		{BA0D34FA-19E7-469F-8275-EE62B5DA85C9} = {C2EBC27B-555A-4732-9466-E33B1D486A32}
		{67AF2057-326F-4772-9502-F0ADBA7538ED} = {C2EBC27B-555A-4732-9466-E33B1D486A32}
		{BEE86451-E0E5-4886-B419-7FC306BC91DF} = {C2EBC27B-555A-4732-9466-E33B1D486A32}
		{D089ED19-4ABB-4C01-8FAB-72E59F977A1F} = {C2EBC27B-555A-4732-9466-E33B1D486A32}
		{E116E392-EE3A-4DD7-99CD-BE21138C9214} = {60723F91-AE45-46A2-AD5C-68B7E21ABA50}
		{A51E1AAE-A127-4C22-8CD4-1D4213F4AB00} = {60723F91-AE45-46A2-AD5C-68B7E21ABA50}
		{C1B29EEE-C2B2-4825-944E-06454A7A9DC6} = {B0D60B78-8FEE-47FE-BC27-6CA78F1AAFC0}
		{E67F4AF5-D21C-48DF-8741-A8CE3E51F9FF} = {B0D60B78-8FEE-47FE-BC27-6CA78F1AAFC0}
		{DE523AD4-166B-4762-A6FA-33CA25DF949B} = {B0D60B78-8FEE-47FE-BC27-6CA78F1AAFC0}
		{1E78203A-E463-4B5F-B161-9FD4E867DC70} = {B0D60B78-8FEE-47FE-BC27-6CA78F1AAFC0}
		{12B1CAA9-CB85-4056-B679-DD312648A40B} = {B0D60B78-8FEE-47FE-BC27-6CA78F1AAFC0}
	EndGlobalSection
	GlobalSection(MonoDevelopProperties) = preSolution
		StartupItem = Manatee.Trello\Manatee.Trello.csproj
	EndGlobalSection
	GlobalSection(TestCaseManagementSettings) = postSolution
		CategoryFile = Manatee.Trello.vsmdi
	EndGlobalSection
EndGlobal
